
Microsoft Visual Studio Solution File, Format Version 12.00
# Visual Studio Version 16
VisualStudioVersion = 16.0.29613.14
MinimumVisualStudioVersion = 10.0.40219.1
Project("{FAE04EC0-301F-11D3-BF4B-00C04F79EFBC}") = "CodeArt.Episerver.Console", "CodeArt.Episerver.Console\CodeArt.Episerver.Console.csproj", "{906B2C76-7992-40D5-AD32-DF3941CB1D72}"
EndProject
Project("{9A19103F-16F7-4668-BE54-9A1E7A4F7556}") = "CodeArt.Episerver.Console.CLI", "CodeArt.Episerver.Console.CLI\CodeArt.Episerver.Console.CLI.csproj", "{C3924F89-2C16-43DF-8FAA-ECF8DAF3BA16}"
EndProject
Project("{FAE04EC0-301F-11D3-BF4B-00C04F79EFBC}") = "ConsoleSite", "..\..\..\Projects\ConsoleSite\ConsoleSite.csproj", "{2D6C5ABF-F8FF-47E1-BB2B-68644361FBA0}"
EndProject
Project("{2150E333-8FDC-42A3-9474-1A3956D46DE8}") = "Solution Items", "Solution Items", "{501FC79C-E924-4738-9E21-BD5B30D35859}"
	ProjectSection(SolutionItems) = preProject
		..\azure-pipelines.yml = ..\azure-pipelines.yml
		..\README.md = ..\README.md
	EndProjectSection
EndProject
Project("{FAE04EC0-301F-11D3-BF4B-00C04F79EFBC}") = "CodeArt.Episerver.Console.Find", "CodeArt.Episerver.Console.Find\CodeArt.Episerver.Console.Find.csproj", "{CE845D97-5D9A-477C-BB4B-7C8800EC148D}"
EndProject
Project("{FAE04EC0-301F-11D3-BF4B-00C04F79EFBC}") = "CodeArt.Episerver.Console.Forms", "CodeArt.Episerver.Console.Forms\CodeArt.Episerver.Console.Forms.csproj", "{0C0A3232-9706-4C2A-98E0-C3D938CDA8F0}"
EndProject
Global
	GlobalSection(SolutionConfigurationPlatforms) = preSolution
		Debug|Any CPU = Debug|Any CPU
		Release|Any CPU = Release|Any CPU
	EndGlobalSection
	GlobalSection(ProjectConfigurationPlatforms) = postSolution
		{906B2C76-7992-40D5-AD32-DF3941CB1D72}.Debug|Any CPU.ActiveCfg = Debug|Any CPU
		{906B2C76-7992-40D5-AD32-DF3941CB1D72}.Debug|Any CPU.Build.0 = Debug|Any CPU
		{906B2C76-7992-40D5-AD32-DF3941CB1D72}.Release|Any CPU.ActiveCfg = Release|Any CPU
		{906B2C76-7992-40D5-AD32-DF3941CB1D72}.Release|Any CPU.Build.0 = Release|Any CPU
		{C3924F89-2C16-43DF-8FAA-ECF8DAF3BA16}.Debug|Any CPU.ActiveCfg = Debug|Any CPU
		{C3924F89-2C16-43DF-8FAA-ECF8DAF3BA16}.Debug|Any CPU.Build.0 = Debug|Any CPU
		{C3924F89-2C16-43DF-8FAA-ECF8DAF3BA16}.Release|Any CPU.ActiveCfg = Release|Any CPU
		{C3924F89-2C16-43DF-8FAA-ECF8DAF3BA16}.Release|Any CPU.Build.0 = Release|Any CPU
		{2D6C5ABF-F8FF-47E1-BB2B-68644361FBA0}.Debug|Any CPU.ActiveCfg = Debug|Any CPU
		{2D6C5ABF-F8FF-47E1-BB2B-68644361FBA0}.Debug|Any CPU.Build.0 = Debug|Any CPU
		{2D6C5ABF-F8FF-47E1-BB2B-68644361FBA0}.Release|Any CPU.ActiveCfg = Release|Any CPU
		{2D6C5ABF-F8FF-47E1-BB2B-68644361FBA0}.Release|Any CPU.Build.0 = Release|Any CPU
		{CE845D97-5D9A-477C-BB4B-7C8800EC148D}.Debug|Any CPU.ActiveCfg = Debug|Any CPU
		{CE845D97-5D9A-477C-BB4B-7C8800EC148D}.Debug|Any CPU.Build.0 = Debug|Any CPU
		{CE845D97-5D9A-477C-BB4B-7C8800EC148D}.Release|Any CPU.ActiveCfg = Release|Any CPU
		{CE845D97-5D9A-477C-BB4B-7C8800EC148D}.Release|Any CPU.Build.0 = Release|Any CPU
		{0C0A3232-9706-4C2A-98E0-C3D938CDA8F0}.Debug|Any CPU.ActiveCfg = Debug|Any CPU
		{0C0A3232-9706-4C2A-98E0-C3D938CDA8F0}.Debug|Any CPU.Build.0 = Debug|Any CPU
		{0C0A3232-9706-4C2A-98E0-C3D938CDA8F0}.Release|Any CPU.ActiveCfg = Release|Any CPU
		{0C0A3232-9706-4C2A-98E0-C3D938CDA8F0}.Release|Any CPU.Build.0 = Release|Any CPU
	EndGlobalSection
	GlobalSection(SolutionProperties) = preSolution
		HideSolutionNode = FALSE
	EndGlobalSection
	GlobalSection(ExtensibilityGlobals) = postSolution
		SolutionGuid = {3CD388AC-3072-478E-9587-303D28A09AC4}
	EndGlobalSection
EndGlobal
